
Microsoft Visual Studio Solution File, Format Version 12.00
# Visual Studio Version 17
VisualStudioVersion = 17.12.35514.174
MinimumVisualStudioVersion = 10.0.40219.1
Project("{FAE04EC0-301F-11D3-BF4B-00C04F79EFBC}") = "ApiGateway", "ApiGateway\ApiGateway.csproj", "{E8A4DD95-DD80-424E-8C95-A2360E657D30}"
EndProject
Project("{FAE04EC0-301F-11D3-BF4B-00C04F79EFBC}") = "User", "User\User.csproj", "{2A7B3516-A8D8-4629-BFF0-E5C8FBF866D7}"
EndProject
Project("{FAE04EC0-301F-11D3-BF4B-00C04F79EFBC}") = "TodoList", "TodoList\TodoList.csproj", "{F2D5D143-CB35-4945-84A6-E8095C649B34}"
EndProject
Project("{E53339B2-1760-4266-BCC7-CA923CBCF16C}") = "docker-compose", "docker-compose.dcproj", "{06020914-AFDD-440C-A512-EED6ED84BC1C}"
EndProject
Project("{FAE04EC0-301F-11D3-BF4B-00C04F79EFBC}") = "Battle", "Battle\Battle.csproj", "{26BAD8D0-FA6F-4B41-B2FE-66C2A21BBE30}"
EndProject
Project("{FAE04EC0-301F-11D3-BF4B-00C04F79EFBC}") = "Chat", "Chat\Chat.csproj", "{D445B13C-59F2-47B2-BAC6-B1D50F08DFCD}"
EndProject
Project("{54A90642-561A-4BB1-A94E-469ADEE60C69}") = "spa", "spa\spa.esproj", "{A450A483-AD6F-BE2D-4BBD-A7719B34A027}"
EndProject
Project("{FAE04EC0-301F-11D3-BF4B-00C04F79EFBC}") = "Shared", "Shared\Shared.csproj", "{E4622757-BD25-4DE7-9E69-989A80AD5094}"
EndProject
Project("{2150E333-8FDC-42A3-9474-1A3956D46DE8}") = "Tests", "Tests", "{36D591C7-65C7-A0D1-1CBC-10CDE441BDC8}"
EndProject
Project("{FAE04EC0-301F-11D3-BF4B-00C04F79EFBC}") = "TodoList.FunctionalTests", "..\TodoList.FunctionalTests\TodoList.FunctionalTests.csproj", "{4817E878-2A23-47CC-ACEF-D4FED74AFEE3}"
	ProjectSection(ProjectDependencies) = postProject
		{F2D5D143-CB35-4945-84A6-E8095C649B34} = {F2D5D143-CB35-4945-84A6-E8095C649B34}
	EndProjectSection
EndProject
Global
	GlobalSection(SolutionConfigurationPlatforms) = preSolution
		Debug|Any CPU = Debug|Any CPU
		Release|Any CPU = Release|Any CPU
	EndGlobalSection
	GlobalSection(ProjectConfigurationPlatforms) = postSolution
		{E8A4DD95-DD80-424E-8C95-A2360E657D30}.Debug|Any CPU.ActiveCfg = Debug|Any CPU
		{E8A4DD95-DD80-424E-8C95-A2360E657D30}.Debug|Any CPU.Build.0 = Debug|Any CPU
		{E8A4DD95-DD80-424E-8C95-A2360E657D30}.Release|Any CPU.ActiveCfg = Release|Any CPU
		{E8A4DD95-DD80-424E-8C95-A2360E657D30}.Release|Any CPU.Build.0 = Release|Any CPU
		{2A7B3516-A8D8-4629-BFF0-E5C8FBF866D7}.Debug|Any CPU.ActiveCfg = Debug|Any CPU
		{2A7B3516-A8D8-4629-BFF0-E5C8FBF866D7}.Debug|Any CPU.Build.0 = Debug|Any CPU
		{2A7B3516-A8D8-4629-BFF0-E5C8FBF866D7}.Release|Any CPU.ActiveCfg = Release|Any CPU
		{2A7B3516-A8D8-4629-BFF0-E5C8FBF866D7}.Release|Any CPU.Build.0 = Release|Any CPU
		{F2D5D143-CB35-4945-84A6-E8095C649B34}.Debug|Any CPU.ActiveCfg = Debug|Any CPU
		{F2D5D143-CB35-4945-84A6-E8095C649B34}.Debug|Any CPU.Build.0 = Debug|Any CPU
		{F2D5D143-CB35-4945-84A6-E8095C649B34}.Release|Any CPU.ActiveCfg = Release|Any CPU
		{F2D5D143-CB35-4945-84A6-E8095C649B34}.Release|Any CPU.Build.0 = Release|Any CPU
		{06020914-AFDD-440C-A512-EED6ED84BC1C}.Debug|Any CPU.ActiveCfg = Debug|Any CPU
		{06020914-AFDD-440C-A512-EED6ED84BC1C}.Debug|Any CPU.Build.0 = Debug|Any CPU
		{06020914-AFDD-440C-A512-EED6ED84BC1C}.Release|Any CPU.ActiveCfg = Release|Any CPU
		{06020914-AFDD-440C-A512-EED6ED84BC1C}.Release|Any CPU.Build.0 = Release|Any CPU
		{26BAD8D0-FA6F-4B41-B2FE-66C2A21BBE30}.Debug|Any CPU.ActiveCfg = Debug|Any CPU
		{26BAD8D0-FA6F-4B41-B2FE-66C2A21BBE30}.Debug|Any CPU.Build.0 = Debug|Any CPU
		{26BAD8D0-FA6F-4B41-B2FE-66C2A21BBE30}.Release|Any CPU.ActiveCfg = Release|Any CPU
		{26BAD8D0-FA6F-4B41-B2FE-66C2A21BBE30}.Release|Any CPU.Build.0 = Release|Any CPU
		{D445B13C-59F2-47B2-BAC6-B1D50F08DFCD}.Debug|Any CPU.ActiveCfg = Debug|Any CPU
		{D445B13C-59F2-47B2-BAC6-B1D50F08DFCD}.Debug|Any CPU.Build.0 = Debug|Any CPU
		{D445B13C-59F2-47B2-BAC6-B1D50F08DFCD}.Release|Any CPU.ActiveCfg = Release|Any CPU
		{D445B13C-59F2-47B2-BAC6-B1D50F08DFCD}.Release|Any CPU.Build.0 = Release|Any CPU
		{A450A483-AD6F-BE2D-4BBD-A7719B34A027}.Debug|Any CPU.ActiveCfg = Debug|Any CPU
		{A450A483-AD6F-BE2D-4BBD-A7719B34A027}.Debug|Any CPU.Build.0 = Debug|Any CPU
		{A450A483-AD6F-BE2D-4BBD-A7719B34A027}.Debug|Any CPU.Deploy.0 = Debug|Any CPU
		{A450A483-AD6F-BE2D-4BBD-A7719B34A027}.Release|Any CPU.ActiveCfg = Release|Any CPU
		{A450A483-AD6F-BE2D-4BBD-A7719B34A027}.Release|Any CPU.Build.0 = Release|Any CPU
		{A450A483-AD6F-BE2D-4BBD-A7719B34A027}.Release|Any CPU.Deploy.0 = Release|Any CPU
		{E4622757-BD25-4DE7-9E69-989A80AD5094}.Debug|Any CPU.ActiveCfg = Debug|Any CPU
		{E4622757-BD25-4DE7-9E69-989A80AD5094}.Debug|Any CPU.Build.0 = Debug|Any CPU
		{E4622757-BD25-4DE7-9E69-989A80AD5094}.Release|Any CPU.ActiveCfg = Release|Any CPU
		{E4622757-BD25-4DE7-9E69-989A80AD5094}.Release|Any CPU.Build.0 = Release|Any CPU
		{4817E878-2A23-47CC-ACEF-D4FED74AFEE3}.Debug|Any CPU.ActiveCfg = Debug|Any CPU
		{4817E878-2A23-47CC-ACEF-D4FED74AFEE3}.Debug|Any CPU.Build.0 = Debug|Any CPU
		{4817E878-2A23-47CC-ACEF-D4FED74AFEE3}.Release|Any CPU.ActiveCfg = Release|Any CPU
		{4817E878-2A23-47CC-ACEF-D4FED74AFEE3}.Release|Any CPU.Build.0 = Release|Any CPU
	EndGlobalSection
	GlobalSection(SolutionProperties) = preSolution
		HideSolutionNode = FALSE
	EndGlobalSection
	GlobalSection(NestedProjects) = preSolution
		{4817E878-2A23-47CC-ACEF-D4FED74AFEE3} = {36D591C7-65C7-A0D1-1CBC-10CDE441BDC8}
	EndGlobalSection
	GlobalSection(ExtensibilityGlobals) = postSolution
		SolutionGuid = {700B355C-7119-4C3A-8648-5BAAB6F27CE6}
	EndGlobalSection
EndGlobal
